
Microsoft Visual Studio Solution File, Format Version 12.00
# Visual Studio Version 17
VisualStudioVersion = 17.2.32630.192
MinimumVisualStudioVersion = 10.0.40219.1
Project("{FAE04EC0-301F-11D3-BF4B-00C04F79EFBC}") = "1.dal", "1.dal\1.dal.csproj", "{9E59B463-5C81-4E54-9D39-C125C1DE95EE}"
EndProject
Project("{FAE04EC0-301F-11D3-BF4B-00C04F79EFBC}") = "2.bus", "2.bus\2.bus.csproj", "{F24F4F64-92D9-461D-92CA-3CD6AD7764CC}"
EndProject
Project("{FAE04EC0-301F-11D3-BF4B-00C04F79EFBC}") = "3.pl", "3.pl\3.pl.csproj", "{C11FA20E-FFE0-4808-82BF-7184734EC71A}"
EndProject
Global
	GlobalSection(SolutionConfigurationPlatforms) = preSolution
		Debug|Any CPU = Debug|Any CPU
		Release|Any CPU = Release|Any CPU
	EndGlobalSection
	GlobalSection(ProjectConfigurationPlatforms) = postSolution
		{9E59B463-5C81-4E54-9D39-C125C1DE95EE}.Debug|Any CPU.ActiveCfg = Debug|Any CPU
		{9E59B463-5C81-4E54-9D39-C125C1DE95EE}.Debug|Any CPU.Build.0 = Debug|Any CPU
		{9E59B463-5C81-4E54-9D39-C125C1DE95EE}.Release|Any CPU.ActiveCfg = Release|Any CPU
		{9E59B463-5C81-4E54-9D39-C125C1DE95EE}.Release|Any CPU.Build.0 = Release|Any CPU
		{F24F4F64-92D9-461D-92CA-3CD6AD7764CC}.Debug|Any CPU.ActiveCfg = Debug|Any CPU
		{F24F4F64-92D9-461D-92CA-3CD6AD7764CC}.Debug|Any CPU.Build.0 = Debug|Any CPU
		{F24F4F64-92D9-461D-92CA-3CD6AD7764CC}.Release|Any CPU.ActiveCfg = Release|Any CPU
		{F24F4F64-92D9-461D-92CA-3CD6AD7764CC}.Release|Any CPU.Build.0 = Release|Any CPU
		{C11FA20E-FFE0-4808-82BF-7184734EC71A}.Debug|Any CPU.ActiveCfg = Debug|Any CPU
		{C11FA20E-FFE0-4808-82BF-7184734EC71A}.Debug|Any CPU.Build.0 = Debug|Any CPU
		{C11FA20E-FFE0-4808-82BF-7184734EC71A}.Release|Any CPU.ActiveCfg = Release|Any CPU
		{C11FA20E-FFE0-4808-82BF-7184734EC71A}.Release|Any CPU.Build.0 = Release|Any CPU
	EndGlobalSection
	GlobalSection(SolutionProperties) = preSolution
		HideSolutionNode = FALSE
	EndGlobalSection
	GlobalSection(ExtensibilityGlobals) = postSolution
		SolutionGuid = {0B118A31-6E14-4309-A55A-BF26BCE7562E}
	EndGlobalSection
EndGlobal
